
Microsoft Visual Studio Solution File, Format Version 12.00
Project("{FAE04EC0-301F-11D3-BF4B-00C04F79EFBC}") = "MyPets", "MyPets\MyPets.csproj", "{FBD57944-D5DE-4D10-8847-2D6608C59BC3}"
EndProject
Project("{FAE04EC0-301F-11D3-BF4B-00C04F79EFBC}") = "MyPets.UnitTests", "MyPets.UnitTests\MyPets.UnitTests.csproj", "{8946E2E7-FC11-4B6B-B3F5-E5E4601E789F}"
EndProject
Global
	GlobalSection(SolutionConfigurationPlatforms) = preSolution
		Debug|Any CPU = Debug|Any CPU
		Release|Any CPU = Release|Any CPU
	EndGlobalSection
	GlobalSection(ProjectConfigurationPlatforms) = postSolution
		{FBD57944-D5DE-4D10-8847-2D6608C59BC3}.Debug|Any CPU.ActiveCfg = Debug|Any CPU
		{FBD57944-D5DE-4D10-8847-2D6608C59BC3}.Debug|Any CPU.Build.0 = Debug|Any CPU
		{FBD57944-D5DE-4D10-8847-2D6608C59BC3}.Release|Any CPU.ActiveCfg = Release|Any CPU
		{FBD57944-D5DE-4D10-8847-2D6608C59BC3}.Release|Any CPU.Build.0 = Release|Any CPU
		{8946E2E7-FC11-4B6B-B3F5-E5E4601E789F}.Debug|Any CPU.ActiveCfg = Debug|Any CPU
		{8946E2E7-FC11-4B6B-B3F5-E5E4601E789F}.Debug|Any CPU.Build.0 = Debug|Any CPU
		{8946E2E7-FC11-4B6B-B3F5-E5E4601E789F}.Release|Any CPU.ActiveCfg = Release|Any CPU
		{8946E2E7-FC11-4B6B-B3F5-E5E4601E789F}.Release|Any CPU.Build.0 = Release|Any CPU
	EndGlobalSection
EndGlobal
